{
  "pins" : [
    {
      "identity" : "grdb.swift",
      "kind" : "remoteSourceControl",
      "location" : "https://github.com/groue/GRDB.swift",
      "state" : {
        "revision" : "5ee47c3c2765bdfde0f44c2ea9a263f6aa252d63",
        "version" : "4.14.0"
      }
    },
    {
      "identity" : "ios-eye-tracking",
      "kind" : "remoteSourceControl",
      "location" : "https://github.com/Alipacman/ios-eye-tracking",
      "state" : {
        "branch" : "master",
        "revision" : "04ba29c0cbb8018dcac322bf3c9849a4c3857633"
      }
    }
  ],
  "version" : 2
}
